
Microsoft Visual Studio Solution File, Format Version 12.00
# Visual Studio Version 16
VisualStudioVersion = 16.0.29411.108
MinimumVisualStudioVersion = 10.0.40219.1
Project("{FAE04EC0-301F-11D3-BF4B-00C04F79EFBC}") = "bonus.app.Android", "bonus.app.Android\bonus.app.Android.csproj", "{506504D0-DA3C-4818-A30B-A740428C1B97}"
EndProject
Project("{FAE04EC0-301F-11D3-BF4B-00C04F79EFBC}") = "bonus.app.Core", "bonus.app\bonus.app.Core.csproj", "{636E7A11-5041-453E-BB6F-C666F03109C9}"
EndProject
Project("{FAE04EC0-301F-11D3-BF4B-00C04F79EFBC}") = "bonus.app.iOS", "bonus.app.iOS\bonus.app.iOS.csproj", "{A43CE2E6-20F0-4AA9-9C12-3E3B6701C344}"
EndProject
Global
	GlobalSection(SolutionConfigurationPlatforms) = preSolution
		Debug|Any CPU = Debug|Any CPU
		Debug|iPhone = Debug|iPhone
		Debug|iPhoneSimulator = Debug|iPhoneSimulator
		Release|Any CPU = Release|Any CPU
		Release|iPhone = Release|iPhone
		Release|iPhoneSimulator = Release|iPhoneSimulator
	EndGlobalSection
	GlobalSection(ProjectConfigurationPlatforms) = postSolution
		{506504D0-DA3C-4818-A30B-A740428C1B97}.Debug|Any CPU.ActiveCfg = Debug|Any CPU
		{506504D0-DA3C-4818-A30B-A740428C1B97}.Debug|Any CPU.Build.0 = Debug|Any CPU
		{506504D0-DA3C-4818-A30B-A740428C1B97}.Debug|Any CPU.Deploy.0 = Debug|Any CPU
		{506504D0-DA3C-4818-A30B-A740428C1B97}.Debug|iPhone.ActiveCfg = Debug|Any CPU
		{506504D0-DA3C-4818-A30B-A740428C1B97}.Debug|iPhone.Build.0 = Debug|Any CPU
		{506504D0-DA3C-4818-A30B-A740428C1B97}.Debug|iPhone.Deploy.0 = Debug|Any CPU
		{506504D0-DA3C-4818-A30B-A740428C1B97}.Debug|iPhoneSimulator.ActiveCfg = Debug|Any CPU
		{506504D0-DA3C-4818-A30B-A740428C1B97}.Debug|iPhoneSimulator.Build.0 = Debug|Any CPU
		{506504D0-DA3C-4818-A30B-A740428C1B97}.Debug|iPhoneSimulator.Deploy.0 = Debug|Any CPU
		{506504D0-DA3C-4818-A30B-A740428C1B97}.Release|Any CPU.ActiveCfg = Release|Any CPU
		{506504D0-DA3C-4818-A30B-A740428C1B97}.Release|Any CPU.Build.0 = Release|Any CPU
		{506504D0-DA3C-4818-A30B-A740428C1B97}.Release|Any CPU.Deploy.0 = Release|Any CPU
		{506504D0-DA3C-4818-A30B-A740428C1B97}.Release|iPhone.ActiveCfg = Release|Any CPU
		{506504D0-DA3C-4818-A30B-A740428C1B97}.Release|iPhone.Build.0 = Release|Any CPU
		{506504D0-DA3C-4818-A30B-A740428C1B97}.Release|iPhone.Deploy.0 = Release|Any CPU
		{506504D0-DA3C-4818-A30B-A740428C1B97}.Release|iPhoneSimulator.ActiveCfg = Release|Any CPU
		{506504D0-DA3C-4818-A30B-A740428C1B97}.Release|iPhoneSimulator.Build.0 = Release|Any CPU
		{506504D0-DA3C-4818-A30B-A740428C1B97}.Release|iPhoneSimulator.Deploy.0 = Release|Any CPU
		{636E7A11-5041-453E-BB6F-C666F03109C9}.Debug|Any CPU.ActiveCfg = Debug|Any CPU
		{636E7A11-5041-453E-BB6F-C666F03109C9}.Debug|Any CPU.Build.0 = Debug|Any CPU
		{636E7A11-5041-453E-BB6F-C666F03109C9}.Debug|Any CPU.Deploy.0 = Debug|Any CPU
		{636E7A11-5041-453E-BB6F-C666F03109C9}.Debug|iPhone.ActiveCfg = Debug|Any CPU
		{636E7A11-5041-453E-BB6F-C666F03109C9}.Debug|iPhone.Build.0 = Debug|Any CPU
		{636E7A11-5041-453E-BB6F-C666F03109C9}.Debug|iPhone.Deploy.0 = Debug|Any CPU
		{636E7A11-5041-453E-BB6F-C666F03109C9}.Debug|iPhoneSimulator.ActiveCfg = Debug|Any CPU
		{636E7A11-5041-453E-BB6F-C666F03109C9}.Debug|iPhoneSimulator.Build.0 = Debug|Any CPU
		{636E7A11-5041-453E-BB6F-C666F03109C9}.Debug|iPhoneSimulator.Deploy.0 = Debug|Any CPU
		{636E7A11-5041-453E-BB6F-C666F03109C9}.Release|Any CPU.ActiveCfg = Release|Any CPU
		{636E7A11-5041-453E-BB6F-C666F03109C9}.Release|Any CPU.Build.0 = Release|Any CPU
		{636E7A11-5041-453E-BB6F-C666F03109C9}.Release|Any CPU.Deploy.0 = Release|Any CPU
		{636E7A11-5041-453E-BB6F-C666F03109C9}.Release|iPhone.ActiveCfg = Release|Any CPU
		{636E7A11-5041-453E-BB6F-C666F03109C9}.Release|iPhone.Build.0 = Release|Any CPU
		{636E7A11-5041-453E-BB6F-C666F03109C9}.Release|iPhone.Deploy.0 = Release|Any CPU
		{636E7A11-5041-453E-BB6F-C666F03109C9}.Release|iPhoneSimulator.ActiveCfg = Release|Any CPU
		{636E7A11-5041-453E-BB6F-C666F03109C9}.Release|iPhoneSimulator.Build.0 = Release|Any CPU
		{636E7A11-5041-453E-BB6F-C666F03109C9}.Release|iPhoneSimulator.Deploy.0 = Release|Any CPU
		{A43CE2E6-20F0-4AA9-9C12-3E3B6701C344}.Debug|Any CPU.ActiveCfg = Debug|iPhoneSimulator
		{A43CE2E6-20F0-4AA9-9C12-3E3B6701C344}.Debug|Any CPU.Build.0 = Debug|iPhoneSimulator
		{A43CE2E6-20F0-4AA9-9C12-3E3B6701C344}.Debug|Any CPU.Deploy.0 = Debug|iPhoneSimulator
		{A43CE2E6-20F0-4AA9-9C12-3E3B6701C344}.Debug|iPhone.ActiveCfg = Debug|iPhone
		{A43CE2E6-20F0-4AA9-9C12-3E3B6701C344}.Debug|iPhone.Build.0 = Debug|iPhone
		{A43CE2E6-20F0-4AA9-9C12-3E3B6701C344}.Debug|iPhone.Deploy.0 = Debug|iPhone
		{A43CE2E6-20F0-4AA9-9C12-3E3B6701C344}.Debug|iPhoneSimulator.ActiveCfg = Debug|iPhoneSimulator
		{A43CE2E6-20F0-4AA9-9C12-3E3B6701C344}.Debug|iPhoneSimulator.Build.0 = Debug|iPhoneSimulator
		{A43CE2E6-20F0-4AA9-9C12-3E3B6701C344}.Debug|iPhoneSimulator.Deploy.0 = Debug|iPhoneSimulator
		{A43CE2E6-20F0-4AA9-9C12-3E3B6701C344}.Release|Any CPU.ActiveCfg = Release|iPhone
		{A43CE2E6-20F0-4AA9-9C12-3E3B6701C344}.Release|Any CPU.Build.0 = Release|iPhone
		{A43CE2E6-20F0-4AA9-9C12-3E3B6701C344}.Release|Any CPU.Deploy.0 = Release|iPhone
		{A43CE2E6-20F0-4AA9-9C12-3E3B6701C344}.Release|iPhone.ActiveCfg = Release|iPhone
		{A43CE2E6-20F0-4AA9-9C12-3E3B6701C344}.Release|iPhone.Build.0 = Release|iPhone
		{A43CE2E6-20F0-4AA9-9C12-3E3B6701C344}.Release|iPhone.Deploy.0 = Release|iPhone
		{A43CE2E6-20F0-4AA9-9C12-3E3B6701C344}.Release|iPhoneSimulator.ActiveCfg = Release|iPhoneSimulator
		{A43CE2E6-20F0-4AA9-9C12-3E3B6701C344}.Release|iPhoneSimulator.Build.0 = Release|iPhoneSimulator
		{A43CE2E6-20F0-4AA9-9C12-3E3B6701C344}.Release|iPhoneSimulator.Deploy.0 = Release|iPhoneSimulator
	EndGlobalSection
	GlobalSection(SolutionProperties) = preSolution
		HideSolutionNode = FALSE
	EndGlobalSection
	GlobalSection(ExtensibilityGlobals) = postSolution
		SolutionGuid = {1EFD1EFC-B191-4AC4-9DE9-36C29D2F26D0}
	EndGlobalSection
EndGlobal
